
Microsoft Visual Studio Solution File, Format Version 12.00
# Visual Studio Version 17
VisualStudioVersion = 17.3.32922.545
MinimumVisualStudioVersion = 10.0.40219.1
Project("{2150E333-8FDC-42A3-9474-1A3956D46DE8}") = "1.Core", "1.Core", "{F28AECA2-25F1-4D40-BF81-5E181C041F1A}"
EndProject
Project("{2150E333-8FDC-42A3-9474-1A3956D46DE8}") = "5.Worker", "5.Worker", "{1F608F7A-0534-4E9B-812A-D6F200541435}"
EndProject
Project("{2150E333-8FDC-42A3-9474-1A3956D46DE8}") = "3.Server", "3.Server", "{4D9C4133-D60B-44C8-B254-38E279673100}"
EndProject
Project("{9A19103F-16F7-4668-BE54-9A1E7A4F7556}") = "RPA.Core", "Core\RPA.Core\RPA.Core.csproj", "{2FBFAF68-7981-409A-BB03-D99CE0C40D85}"
EndProject
Project("{9A19103F-16F7-4668-BE54-9A1E7A4F7556}") = "RPA.Worker.Core", "Worker\Core\RPA.Worker.Core\RPA.Worker.Core.csproj", "{149389EA-431F-4A4F-8F5C-9D9287538A41}"
EndProject
Project("{FAE04EC0-301F-11D3-BF4B-00C04F79EFBC}") = "RPA.Worker.Framework", "Worker\Template\RPA.Worker.Framework\RPA.Worker.Framework.csproj", "{6F41BBF5-1AB7-47C0-862A-D7736AE0B25F}"
EndProject
Project("{2150E333-8FDC-42A3-9474-1A3956D46DE8}") = "2.Tools", "2.Tools", "{1E76377A-D5FF-4DA4-8783-98735464A893}"
EndProject
Project("{F184B08F-C81C-45F6-A57F-5ABD9991F28F}") = "SAP.Control.IdentifyTool", "Tools\SAP.Control.IdentifyTool\SAP.Control.IdentifyTool.vbproj", "{D873C131-62EA-4CBA-94C2-A41CF40F7593}"
EndProject
Project("{2150E333-8FDC-42A3-9474-1A3956D46DE8}") = "Core", "Core", "{6F925562-2817-4552-99D1-3217C42570E8}"
EndProject
Project("{2150E333-8FDC-42A3-9474-1A3956D46DE8}") = "Template", "Template", "{70C616BD-F1E2-4E86-AC77-B0229177DF57}"
EndProject
Project("{2150E333-8FDC-42A3-9474-1A3956D46DE8}") = "Workers", "Workers", "{C342456D-CCED-42AA-96DC-AEA060C22A32}"
EndProject
Project("{9A19103F-16F7-4668-BE54-9A1E7A4F7556}") = "RPA.Tools", "Tools\RPA.Tools\RPA.Tools.csproj", "{C43E00B7-9135-478B-8ABA-C7804DD439F0}"
EndProject
Project("{F184B08F-C81C-45F6-A57F-5ABD9991F28F}") = "SAP.Utilities", "Tools\SAP.Utilities\SAP.Utilities.vbproj", "{932986DA-8DE1-4F8F-A3DC-2586844F093A}"
EndProject
Project("{9A19103F-16F7-4668-BE54-9A1E7A4F7556}") = "RPA.Web", "Server\RPA.Web\RPA.Web.csproj", "{49EA2185-A8FB-43F8-BFC6-A9A5C447968E}"
EndProject
Project("{9A19103F-16F7-4668-BE54-9A1E7A4F7556}") = "Azure.FormRecognizer", "Tools\Azure.FormRecognizer\Azure.FormRecognizer.csproj", "{85194EEF-732B-46F9-9907-E8AD632657BB}"
EndProject
Project("{2150E333-8FDC-42A3-9474-1A3956D46DE8}") = "6.Deployment", "6.Deployment", "{4C68F237-0B87-4E12-BBAE-1AF327E8943D}"
EndProject
Project("{FAE04EC0-301F-11D3-BF4B-00C04F79EFBC}") = "AutoDeployWorker", "Deployment\AutoDeployWorker\AutoDeployWorker.csproj", "{7BFA2B47-E57E-462E-BAF2-A60A9AFFDDFA}"
EndProject
Project("{2150E333-8FDC-42A3-9474-1A3956D46DE8}") = "4.WindowService", "4.WindowService", "{BABC1370-44BE-443A-AEF7-0B74CD4937D6}"
EndProject
Project("{9A19103F-16F7-4668-BE54-9A1E7A4F7556}") = "RPA.WorkerManager", "WindowService\RPA.WorkerManager\RPA.WorkerManager.csproj", "{7BB0F45C-2E0A-48B5-B619-B0740BED49BC}"
EndProject
Project("{F184B08F-C81C-45F6-A57F-5ABD9991F28F}") = "SAP.SessionManager", "Worker\Workers\SAP.SessionManager\SAP.SessionManager.vbproj", "{64A14130-8DF9-49F5-B767-9AF331002C01}"
EndProject
Project("{2150E333-8FDC-42A3-9474-1A3956D46DE8}") = "WorkerLibrary", "WorkerLibrary", "{8AC1211B-1C8E-4E0B-AA4D-A910C647DA5A}"
EndProject
Project("{FAE04EC0-301F-11D3-BF4B-00C04F79EFBC}") = "SQLite.Framework", "Tools\SQLite.Framework\SQLite.Framework.csproj", "{6B99E00F-051D-46E0-B9AF-2777683E2DB4}"
EndProject
Project("{F184B08F-C81C-45F6-A57F-5ABD9991F28F}") = "Simulator", "Tools\Simulator\Simulator.vbproj", "{4E229FDD-F99E-43FD-802F-E1C4C3D4B3CC}"
EndProject
Project("{FAE04EC0-301F-11D3-BF4B-00C04F79EFBC}") = "SCCWorker", "Worker\Workers\SCCWorker\SCCWorker.csproj", "{A4823891-0334-41F6-B3B7-6085A2AEDE76}"
EndProject
Project("{FAE04EC0-301F-11D3-BF4B-00C04F79EFBC}") = "SCC.Lib", "Worker\WorkerLibrary\SCC.Lib\SCC.Lib.csproj", "{62D221AD-480D-4ABC-90E1-AC1388DC7CDD}"
EndProject
Project("{FAE04EC0-301F-11D3-BF4B-00C04F79EFBC}") = "UQUploadTool", "Worker\Workers\UQUploadTool\UQUploadTool.csproj", "{B64C3F52-F14B-4129-A173-476A506D206F}"
EndProject
Project("{FAE04EC0-301F-11D3-BF4B-00C04F79EFBC}") = "BIReport.Lib", "Worker\WorkerLibrary\BIReport.Lib\BIReport.Lib.csproj", "{67CF6E25-0C66-4908-B502-EF0462154F03}"
EndProject
Project("{F184B08F-C81C-45F6-A57F-5ABD9991F28F}") = "MIR7Invoice", "Worker\Workers\MIR7Invoice\MIR7Invoice.vbproj", "{683CF3A9-9990-4374-8527-1DAD160D4D94}"
EndProject
Project("{FAE04EC0-301F-11D3-BF4B-00C04F79EFBC}") = "MIR7Invoice.Lib", "Worker\WorkerLibrary\MIR7Invoice.Lib\MIR7Invoice.Lib.csproj", "{11B4770B-C149-4532-A8B1-12986E1BC3C7}"
EndProject
Project("{FAE04EC0-301F-11D3-BF4B-00C04F79EFBC}") = "PlayWrightCommonLib", "Worker\WorkerLibrary\PlayWrightCommonLib\PlayWrightCommonLib.csproj", "{72D2E646-DAAB-4699-935C-59873E6E1409}"
EndProject
Project("{FAE04EC0-301F-11D3-BF4B-00C04F79EFBC}") = "UQ09", "Worker\Workers\UQ09\UQ09.csproj", "{AAC49BC5-C1C9-4387-89FB-056CC2EF8231}"
EndProject
Project("{FAE04EC0-301F-11D3-BF4B-00C04F79EFBC}") = "InfoNexus", "Worker\Workers\InfoNexus\InfoNexus.csproj", "{14F9BECD-D070-4CE2-84AF-FC4F2BF4D840}"
EndProject
Project("{F184B08F-C81C-45F6-A57F-5ABD9991F28F}") = "Zppe031Calculation", "Worker\Workers\Zppe031Calculation\Zppe031Calculation.vbproj", "{6CC757AB-9482-4010-8073-98DB47B96F70}"
EndProject
Project("{F184B08F-C81C-45F6-A57F-5ABD9991F28F}") = "ZAccountScrapping", "Worker\Workers\ZAccountScrapping\ZAccountScrapping.vbproj", "{F81D15BA-F042-471A-8AE8-574B373D4A8F}"
EndProject
Project("{FAE04EC0-301F-11D3-BF4B-00C04F79EFBC}") = "OutlookReader", "Tools\OutlookReader\OutlookReader.csproj", "{90776A59-AA3D-4B0B-8E80-87C277337DCD}"
EndProject
Global
	GlobalSection(SolutionConfigurationPlatforms) = preSolution
		Debug|Any CPU = Debug|Any CPU
		Debug|x86 = Debug|x86
		Release|Any CPU = Release|Any CPU
		Release|x86 = Release|x86
	EndGlobalSection
	GlobalSection(ProjectConfigurationPlatforms) = postSolution
		{2FBFAF68-7981-409A-BB03-D99CE0C40D85}.Debug|Any CPU.ActiveCfg = Debug|Any CPU
		{2FBFAF68-7981-409A-BB03-D99CE0C40D85}.Debug|Any CPU.Build.0 = Debug|Any CPU
		{2FBFAF68-7981-409A-BB03-D99CE0C40D85}.Debug|x86.ActiveCfg = Debug|Any CPU
		{2FBFAF68-7981-409A-BB03-D99CE0C40D85}.Debug|x86.Build.0 = Debug|Any CPU
		{2FBFAF68-7981-409A-BB03-D99CE0C40D85}.Release|Any CPU.ActiveCfg = Release|Any CPU
		{2FBFAF68-7981-409A-BB03-D99CE0C40D85}.Release|Any CPU.Build.0 = Release|Any CPU
		{2FBFAF68-7981-409A-BB03-D99CE0C40D85}.Release|x86.ActiveCfg = Release|Any CPU
		{2FBFAF68-7981-409A-BB03-D99CE0C40D85}.Release|x86.Build.0 = Release|Any CPU
		{149389EA-431F-4A4F-8F5C-9D9287538A41}.Debug|Any CPU.ActiveCfg = Debug|Any CPU
		{149389EA-431F-4A4F-8F5C-9D9287538A41}.Debug|Any CPU.Build.0 = Debug|Any CPU
		{149389EA-431F-4A4F-8F5C-9D9287538A41}.Debug|x86.ActiveCfg = Debug|Any CPU
		{149389EA-431F-4A4F-8F5C-9D9287538A41}.Debug|x86.Build.0 = Debug|Any CPU
		{149389EA-431F-4A4F-8F5C-9D9287538A41}.Release|Any CPU.ActiveCfg = Release|Any CPU
		{149389EA-431F-4A4F-8F5C-9D9287538A41}.Release|Any CPU.Build.0 = Release|Any CPU
		{149389EA-431F-4A4F-8F5C-9D9287538A41}.Release|x86.ActiveCfg = Release|Any CPU
		{149389EA-431F-4A4F-8F5C-9D9287538A41}.Release|x86.Build.0 = Release|Any CPU
		{6F41BBF5-1AB7-47C0-862A-D7736AE0B25F}.Debug|Any CPU.ActiveCfg = Debug|Any CPU
		{6F41BBF5-1AB7-47C0-862A-D7736AE0B25F}.Debug|Any CPU.Build.0 = Debug|Any CPU
		{6F41BBF5-1AB7-47C0-862A-D7736AE0B25F}.Debug|x86.ActiveCfg = Debug|Any CPU
		{6F41BBF5-1AB7-47C0-862A-D7736AE0B25F}.Debug|x86.Build.0 = Debug|Any CPU
		{6F41BBF5-1AB7-47C0-862A-D7736AE0B25F}.Release|Any CPU.ActiveCfg = Release|Any CPU
		{6F41BBF5-1AB7-47C0-862A-D7736AE0B25F}.Release|Any CPU.Build.0 = Release|Any CPU
		{6F41BBF5-1AB7-47C0-862A-D7736AE0B25F}.Release|x86.ActiveCfg = Release|Any CPU
		{6F41BBF5-1AB7-47C0-862A-D7736AE0B25F}.Release|x86.Build.0 = Release|Any CPU
		{D873C131-62EA-4CBA-94C2-A41CF40F7593}.Debug|Any CPU.ActiveCfg = Debug|Any CPU
		{D873C131-62EA-4CBA-94C2-A41CF40F7593}.Debug|Any CPU.Build.0 = Debug|Any CPU
		{D873C131-62EA-4CBA-94C2-A41CF40F7593}.Debug|x86.ActiveCfg = Debug|Any CPU
		{D873C131-62EA-4CBA-94C2-A41CF40F7593}.Debug|x86.Build.0 = Debug|Any CPU
		{D873C131-62EA-4CBA-94C2-A41CF40F7593}.Release|Any CPU.ActiveCfg = Release|Any CPU
		{D873C131-62EA-4CBA-94C2-A41CF40F7593}.Release|x86.ActiveCfg = Release|Any CPU
		{D873C131-62EA-4CBA-94C2-A41CF40F7593}.Release|x86.Build.0 = Release|Any CPU
		{C43E00B7-9135-478B-8ABA-C7804DD439F0}.Debug|Any CPU.ActiveCfg = Debug|Any CPU
		{C43E00B7-9135-478B-8ABA-C7804DD439F0}.Debug|Any CPU.Build.0 = Debug|Any CPU
		{C43E00B7-9135-478B-8ABA-C7804DD439F0}.Debug|x86.ActiveCfg = Debug|Any CPU
		{C43E00B7-9135-478B-8ABA-C7804DD439F0}.Debug|x86.Build.0 = Debug|Any CPU
		{C43E00B7-9135-478B-8ABA-C7804DD439F0}.Release|Any CPU.ActiveCfg = Release|Any CPU
		{C43E00B7-9135-478B-8ABA-C7804DD439F0}.Release|Any CPU.Build.0 = Release|Any CPU
		{C43E00B7-9135-478B-8ABA-C7804DD439F0}.Release|x86.ActiveCfg = Release|Any CPU
		{C43E00B7-9135-478B-8ABA-C7804DD439F0}.Release|x86.Build.0 = Release|Any CPU
		{932986DA-8DE1-4F8F-A3DC-2586844F093A}.Debug|Any CPU.ActiveCfg = Debug|Any CPU
		{932986DA-8DE1-4F8F-A3DC-2586844F093A}.Debug|Any CPU.Build.0 = Debug|Any CPU
		{932986DA-8DE1-4F8F-A3DC-2586844F093A}.Debug|x86.ActiveCfg = Debug|Any CPU
		{932986DA-8DE1-4F8F-A3DC-2586844F093A}.Debug|x86.Build.0 = Debug|Any CPU
		{932986DA-8DE1-4F8F-A3DC-2586844F093A}.Release|Any CPU.ActiveCfg = Release|Any CPU
		{932986DA-8DE1-4F8F-A3DC-2586844F093A}.Release|Any CPU.Build.0 = Release|Any CPU
		{932986DA-8DE1-4F8F-A3DC-2586844F093A}.Release|x86.ActiveCfg = Release|Any CPU
		{932986DA-8DE1-4F8F-A3DC-2586844F093A}.Release|x86.Build.0 = Release|Any CPU
		{49EA2185-A8FB-43F8-BFC6-A9A5C447968E}.Debug|Any CPU.ActiveCfg = Debug|Any CPU
		{49EA2185-A8FB-43F8-BFC6-A9A5C447968E}.Debug|Any CPU.Build.0 = Debug|Any CPU
		{49EA2185-A8FB-43F8-BFC6-A9A5C447968E}.Debug|x86.ActiveCfg = Debug|Any CPU
		{49EA2185-A8FB-43F8-BFC6-A9A5C447968E}.Debug|x86.Build.0 = Debug|Any CPU
		{49EA2185-A8FB-43F8-BFC6-A9A5C447968E}.Release|Any CPU.ActiveCfg = Release|Any CPU
		{49EA2185-A8FB-43F8-BFC6-A9A5C447968E}.Release|Any CPU.Build.0 = Release|Any CPU
		{49EA2185-A8FB-43F8-BFC6-A9A5C447968E}.Release|x86.ActiveCfg = Release|Any CPU
		{49EA2185-A8FB-43F8-BFC6-A9A5C447968E}.Release|x86.Build.0 = Release|Any CPU
		{85194EEF-732B-46F9-9907-E8AD632657BB}.Debug|Any CPU.ActiveCfg = Debug|Any CPU
		{85194EEF-732B-46F9-9907-E8AD632657BB}.Debug|Any CPU.Build.0 = Debug|Any CPU
		{85194EEF-732B-46F9-9907-E8AD632657BB}.Debug|x86.ActiveCfg = Debug|Any CPU
		{85194EEF-732B-46F9-9907-E8AD632657BB}.Debug|x86.Build.0 = Debug|Any CPU
		{85194EEF-732B-46F9-9907-E8AD632657BB}.Release|Any CPU.ActiveCfg = Release|Any CPU
		{85194EEF-732B-46F9-9907-E8AD632657BB}.Release|Any CPU.Build.0 = Release|Any CPU
		{85194EEF-732B-46F9-9907-E8AD632657BB}.Release|x86.ActiveCfg = Release|Any CPU
		{85194EEF-732B-46F9-9907-E8AD632657BB}.Release|x86.Build.0 = Release|Any CPU
		{7BFA2B47-E57E-462E-BAF2-A60A9AFFDDFA}.Debug|Any CPU.ActiveCfg = Debug|Any CPU
		{7BFA2B47-E57E-462E-BAF2-A60A9AFFDDFA}.Debug|Any CPU.Build.0 = Debug|Any CPU
		{7BFA2B47-E57E-462E-BAF2-A60A9AFFDDFA}.Debug|x86.ActiveCfg = Debug|Any CPU
		{7BFA2B47-E57E-462E-BAF2-A60A9AFFDDFA}.Debug|x86.Build.0 = Debug|Any CPU
		{7BFA2B47-E57E-462E-BAF2-A60A9AFFDDFA}.Release|Any CPU.ActiveCfg = Release|Any CPU
		{7BFA2B47-E57E-462E-BAF2-A60A9AFFDDFA}.Release|x86.ActiveCfg = Release|Any CPU
		{7BFA2B47-E57E-462E-BAF2-A60A9AFFDDFA}.Release|x86.Build.0 = Release|Any CPU
		{7BB0F45C-2E0A-48B5-B619-B0740BED49BC}.Debug|Any CPU.ActiveCfg = Debug|Any CPU
		{7BB0F45C-2E0A-48B5-B619-B0740BED49BC}.Debug|Any CPU.Build.0 = Debug|Any CPU
		{7BB0F45C-2E0A-48B5-B619-B0740BED49BC}.Debug|x86.ActiveCfg = Debug|Any CPU
		{7BB0F45C-2E0A-48B5-B619-B0740BED49BC}.Debug|x86.Build.0 = Debug|Any CPU
		{7BB0F45C-2E0A-48B5-B619-B0740BED49BC}.Release|Any CPU.ActiveCfg = Release|Any CPU
		{7BB0F45C-2E0A-48B5-B619-B0740BED49BC}.Release|Any CPU.Build.0 = Release|Any CPU
		{7BB0F45C-2E0A-48B5-B619-B0740BED49BC}.Release|x86.ActiveCfg = Release|Any CPU
		{7BB0F45C-2E0A-48B5-B619-B0740BED49BC}.Release|x86.Build.0 = Release|Any CPU
		{64A14130-8DF9-49F5-B767-9AF331002C01}.Debug|Any CPU.ActiveCfg = Debug|Any CPU
		{64A14130-8DF9-49F5-B767-9AF331002C01}.Debug|Any CPU.Build.0 = Debug|Any CPU
		{64A14130-8DF9-49F5-B767-9AF331002C01}.Debug|x86.ActiveCfg = Debug|Any CPU
		{64A14130-8DF9-49F5-B767-9AF331002C01}.Debug|x86.Build.0 = Debug|Any CPU
		{64A14130-8DF9-49F5-B767-9AF331002C01}.Release|Any CPU.ActiveCfg = Release|Any CPU
		{64A14130-8DF9-49F5-B767-9AF331002C01}.Release|Any CPU.Build.0 = Release|Any CPU
		{64A14130-8DF9-49F5-B767-9AF331002C01}.Release|x86.ActiveCfg = Release|Any CPU
		{64A14130-8DF9-49F5-B767-9AF331002C01}.Release|x86.Build.0 = Release|Any CPU
		{6B99E00F-051D-46E0-B9AF-2777683E2DB4}.Debug|Any CPU.ActiveCfg = Debug|Any CPU
		{6B99E00F-051D-46E0-B9AF-2777683E2DB4}.Debug|Any CPU.Build.0 = Debug|Any CPU
		{6B99E00F-051D-46E0-B9AF-2777683E2DB4}.Debug|x86.ActiveCfg = Debug|Any CPU
		{6B99E00F-051D-46E0-B9AF-2777683E2DB4}.Debug|x86.Build.0 = Debug|Any CPU
		{6B99E00F-051D-46E0-B9AF-2777683E2DB4}.Release|Any CPU.ActiveCfg = Release|Any CPU
		{6B99E00F-051D-46E0-B9AF-2777683E2DB4}.Release|Any CPU.Build.0 = Release|Any CPU
		{6B99E00F-051D-46E0-B9AF-2777683E2DB4}.Release|x86.ActiveCfg = Release|Any CPU
		{6B99E00F-051D-46E0-B9AF-2777683E2DB4}.Release|x86.Build.0 = Release|Any CPU
		{4E229FDD-F99E-43FD-802F-E1C4C3D4B3CC}.Debug|Any CPU.ActiveCfg = Debug|Any CPU
		{4E229FDD-F99E-43FD-802F-E1C4C3D4B3CC}.Debug|Any CPU.Build.0 = Debug|Any CPU
		{4E229FDD-F99E-43FD-802F-E1C4C3D4B3CC}.Debug|x86.ActiveCfg = Debug|Any CPU
		{4E229FDD-F99E-43FD-802F-E1C4C3D4B3CC}.Debug|x86.Build.0 = Debug|Any CPU
		{4E229FDD-F99E-43FD-802F-E1C4C3D4B3CC}.Release|Any CPU.ActiveCfg = Release|Any CPU
		{4E229FDD-F99E-43FD-802F-E1C4C3D4B3CC}.Release|Any CPU.Build.0 = Release|Any CPU
		{4E229FDD-F99E-43FD-802F-E1C4C3D4B3CC}.Release|x86.ActiveCfg = Release|Any CPU
		{4E229FDD-F99E-43FD-802F-E1C4C3D4B3CC}.Release|x86.Build.0 = Release|Any CPU
		{A4823891-0334-41F6-B3B7-6085A2AEDE76}.Debug|Any CPU.ActiveCfg = Debug|Any CPU
		{A4823891-0334-41F6-B3B7-6085A2AEDE76}.Debug|Any CPU.Build.0 = Debug|Any CPU
		{A4823891-0334-41F6-B3B7-6085A2AEDE76}.Debug|x86.ActiveCfg = Debug|Any CPU
		{A4823891-0334-41F6-B3B7-6085A2AEDE76}.Debug|x86.Build.0 = Debug|Any CPU
		{A4823891-0334-41F6-B3B7-6085A2AEDE76}.Release|Any CPU.ActiveCfg = Release|Any CPU
		{A4823891-0334-41F6-B3B7-6085A2AEDE76}.Release|Any CPU.Build.0 = Release|Any CPU
		{A4823891-0334-41F6-B3B7-6085A2AEDE76}.Release|x86.ActiveCfg = Release|Any CPU
		{A4823891-0334-41F6-B3B7-6085A2AEDE76}.Release|x86.Build.0 = Release|Any CPU
		{62D221AD-480D-4ABC-90E1-AC1388DC7CDD}.Debug|Any CPU.ActiveCfg = Debug|Any CPU
		{62D221AD-480D-4ABC-90E1-AC1388DC7CDD}.Debug|Any CPU.Build.0 = Debug|Any CPU
		{62D221AD-480D-4ABC-90E1-AC1388DC7CDD}.Debug|x86.ActiveCfg = Debug|Any CPU
		{62D221AD-480D-4ABC-90E1-AC1388DC7CDD}.Debug|x86.Build.0 = Debug|Any CPU
		{62D221AD-480D-4ABC-90E1-AC1388DC7CDD}.Release|Any CPU.ActiveCfg = Release|Any CPU
		{62D221AD-480D-4ABC-90E1-AC1388DC7CDD}.Release|Any CPU.Build.0 = Release|Any CPU
		{62D221AD-480D-4ABC-90E1-AC1388DC7CDD}.Release|x86.ActiveCfg = Release|Any CPU
		{62D221AD-480D-4ABC-90E1-AC1388DC7CDD}.Release|x86.Build.0 = Release|Any CPU
		{B64C3F52-F14B-4129-A173-476A506D206F}.Debug|Any CPU.ActiveCfg = Debug|Any CPU
		{B64C3F52-F14B-4129-A173-476A506D206F}.Debug|Any CPU.Build.0 = Debug|Any CPU
		{B64C3F52-F14B-4129-A173-476A506D206F}.Debug|x86.ActiveCfg = Debug|Any CPU
		{B64C3F52-F14B-4129-A173-476A506D206F}.Debug|x86.Build.0 = Debug|Any CPU
		{B64C3F52-F14B-4129-A173-476A506D206F}.Release|Any CPU.ActiveCfg = Release|Any CPU
		{B64C3F52-F14B-4129-A173-476A506D206F}.Release|Any CPU.Build.0 = Release|Any CPU
		{B64C3F52-F14B-4129-A173-476A506D206F}.Release|x86.ActiveCfg = Release|Any CPU
		{B64C3F52-F14B-4129-A173-476A506D206F}.Release|x86.Build.0 = Release|Any CPU
		{67CF6E25-0C66-4908-B502-EF0462154F03}.Debug|Any CPU.ActiveCfg = Debug|Any CPU
		{67CF6E25-0C66-4908-B502-EF0462154F03}.Debug|Any CPU.Build.0 = Debug|Any CPU
		{67CF6E25-0C66-4908-B502-EF0462154F03}.Debug|x86.ActiveCfg = Debug|Any CPU
		{67CF6E25-0C66-4908-B502-EF0462154F03}.Debug|x86.Build.0 = Debug|Any CPU
		{67CF6E25-0C66-4908-B502-EF0462154F03}.Release|Any CPU.ActiveCfg = Release|Any CPU
		{67CF6E25-0C66-4908-B502-EF0462154F03}.Release|Any CPU.Build.0 = Release|Any CPU
		{67CF6E25-0C66-4908-B502-EF0462154F03}.Release|x86.ActiveCfg = Release|Any CPU
		{67CF6E25-0C66-4908-B502-EF0462154F03}.Release|x86.Build.0 = Release|Any CPU
		{683CF3A9-9990-4374-8527-1DAD160D4D94}.Debug|Any CPU.ActiveCfg = Debug|Any CPU
		{683CF3A9-9990-4374-8527-1DAD160D4D94}.Debug|Any CPU.Build.0 = Debug|Any CPU
		{683CF3A9-9990-4374-8527-1DAD160D4D94}.Debug|x86.ActiveCfg = Debug|Win32
		{683CF3A9-9990-4374-8527-1DAD160D4D94}.Debug|x86.Build.0 = Debug|Win32
		{683CF3A9-9990-4374-8527-1DAD160D4D94}.Release|Any CPU.ActiveCfg = Release|Any CPU
		{683CF3A9-9990-4374-8527-1DAD160D4D94}.Release|Any CPU.Build.0 = Release|Any CPU
		{683CF3A9-9990-4374-8527-1DAD160D4D94}.Release|x86.ActiveCfg = Release|Win32
		{683CF3A9-9990-4374-8527-1DAD160D4D94}.Release|x86.Build.0 = Release|Win32
		{11B4770B-C149-4532-A8B1-12986E1BC3C7}.Debug|Any CPU.ActiveCfg = Debug|Any CPU
		{11B4770B-C149-4532-A8B1-12986E1BC3C7}.Debug|Any CPU.Build.0 = Debug|Any CPU
		{11B4770B-C149-4532-A8B1-12986E1BC3C7}.Debug|x86.ActiveCfg = Debug|Any CPU
		{11B4770B-C149-4532-A8B1-12986E1BC3C7}.Debug|x86.Build.0 = Debug|Any CPU
		{11B4770B-C149-4532-A8B1-12986E1BC3C7}.Release|Any CPU.ActiveCfg = Release|Any CPU
		{11B4770B-C149-4532-A8B1-12986E1BC3C7}.Release|Any CPU.Build.0 = Release|Any CPU
		{11B4770B-C149-4532-A8B1-12986E1BC3C7}.Release|x86.ActiveCfg = Release|Any CPU
		{11B4770B-C149-4532-A8B1-12986E1BC3C7}.Release|x86.Build.0 = Release|Any CPU
		{72D2E646-DAAB-4699-935C-59873E6E1409}.Debug|Any CPU.ActiveCfg = Debug|Any CPU
		{72D2E646-DAAB-4699-935C-59873E6E1409}.Debug|Any CPU.Build.0 = Debug|Any CPU
		{72D2E646-DAAB-4699-935C-59873E6E1409}.Debug|x86.ActiveCfg = Debug|Any CPU
		{72D2E646-DAAB-4699-935C-59873E6E1409}.Debug|x86.Build.0 = Debug|Any CPU
		{72D2E646-DAAB-4699-935C-59873E6E1409}.Release|Any CPU.ActiveCfg = Release|Any CPU
		{72D2E646-DAAB-4699-935C-59873E6E1409}.Release|Any CPU.Build.0 = Release|Any CPU
		{72D2E646-DAAB-4699-935C-59873E6E1409}.Release|x86.ActiveCfg = Release|Any CPU
		{72D2E646-DAAB-4699-935C-59873E6E1409}.Release|x86.Build.0 = Release|Any CPU
		{AAC49BC5-C1C9-4387-89FB-056CC2EF8231}.Debug|Any CPU.ActiveCfg = Debug|Any CPU
		{AAC49BC5-C1C9-4387-89FB-056CC2EF8231}.Debug|Any CPU.Build.0 = Debug|Any CPU
		{AAC49BC5-C1C9-4387-89FB-056CC2EF8231}.Debug|x86.ActiveCfg = Debug|Any CPU
		{AAC49BC5-C1C9-4387-89FB-056CC2EF8231}.Debug|x86.Build.0 = Debug|Any CPU
		{AAC49BC5-C1C9-4387-89FB-056CC2EF8231}.Release|Any CPU.ActiveCfg = Release|Any CPU
		{AAC49BC5-C1C9-4387-89FB-056CC2EF8231}.Release|Any CPU.Build.0 = Release|Any CPU
		{AAC49BC5-C1C9-4387-89FB-056CC2EF8231}.Release|x86.ActiveCfg = Release|Any CPU
		{AAC49BC5-C1C9-4387-89FB-056CC2EF8231}.Release|x86.Build.0 = Release|Any CPU
		{14F9BECD-D070-4CE2-84AF-FC4F2BF4D840}.Debug|Any CPU.ActiveCfg = Debug|Any CPU
		{14F9BECD-D070-4CE2-84AF-FC4F2BF4D840}.Debug|Any CPU.Build.0 = Debug|Any CPU
		{14F9BECD-D070-4CE2-84AF-FC4F2BF4D840}.Debug|x86.ActiveCfg = Debug|Any CPU
		{14F9BECD-D070-4CE2-84AF-FC4F2BF4D840}.Debug|x86.Build.0 = Debug|Any CPU
		{14F9BECD-D070-4CE2-84AF-FC4F2BF4D840}.Release|Any CPU.ActiveCfg = Release|Any CPU
		{14F9BECD-D070-4CE2-84AF-FC4F2BF4D840}.Release|Any CPU.Build.0 = Release|Any CPU
		{14F9BECD-D070-4CE2-84AF-FC4F2BF4D840}.Release|x86.ActiveCfg = Release|Any CPU
		{14F9BECD-D070-4CE2-84AF-FC4F2BF4D840}.Release|x86.Build.0 = Release|Any CPU
		{6CC757AB-9482-4010-8073-98DB47B96F70}.Debug|Any CPU.ActiveCfg = Debug|Any CPU
		{6CC757AB-9482-4010-8073-98DB47B96F70}.Debug|Any CPU.Build.0 = Debug|Any CPU
		{6CC757AB-9482-4010-8073-98DB47B96F70}.Debug|x86.ActiveCfg = Debug|Any CPU
		{6CC757AB-9482-4010-8073-98DB47B96F70}.Debug|x86.Build.0 = Debug|Any CPU
		{6CC757AB-9482-4010-8073-98DB47B96F70}.Release|Any CPU.ActiveCfg = Release|Any CPU
		{6CC757AB-9482-4010-8073-98DB47B96F70}.Release|Any CPU.Build.0 = Release|Any CPU
		{6CC757AB-9482-4010-8073-98DB47B96F70}.Release|x86.ActiveCfg = Release|Any CPU
		{6CC757AB-9482-4010-8073-98DB47B96F70}.Release|x86.Build.0 = Release|Any CPU
		{F81D15BA-F042-471A-8AE8-574B373D4A8F}.Debug|Any CPU.ActiveCfg = Debug|Any CPU
		{F81D15BA-F042-471A-8AE8-574B373D4A8F}.Debug|Any CPU.Build.0 = Debug|Any CPU
		{F81D15BA-F042-471A-8AE8-574B373D4A8F}.Debug|x86.ActiveCfg = Debug|Any CPU
		{F81D15BA-F042-471A-8AE8-574B373D4A8F}.Debug|x86.Build.0 = Debug|Any CPU
		{F81D15BA-F042-471A-8AE8-574B373D4A8F}.Release|Any CPU.ActiveCfg = Release|Any CPU
		{F81D15BA-F042-471A-8AE8-574B373D4A8F}.Release|Any CPU.Build.0 = Release|Any CPU
		{F81D15BA-F042-471A-8AE8-574B373D4A8F}.Release|x86.ActiveCfg = Release|Any CPU
		{F81D15BA-F042-471A-8AE8-574B373D4A8F}.Release|x86.Build.0 = Release|Any CPU
		{90776A59-AA3D-4B0B-8E80-87C277337DCD}.Debug|Any CPU.ActiveCfg = Debug|Any CPU
		{90776A59-AA3D-4B0B-8E80-87C277337DCD}.Debug|Any CPU.Build.0 = Debug|Any CPU
		{90776A59-AA3D-4B0B-8E80-87C277337DCD}.Debug|x86.ActiveCfg = Debug|Any CPU
		{90776A59-AA3D-4B0B-8E80-87C277337DCD}.Debug|x86.Build.0 = Debug|Any CPU
		{90776A59-AA3D-4B0B-8E80-87C277337DCD}.Release|Any CPU.ActiveCfg = Release|Any CPU
		{90776A59-AA3D-4B0B-8E80-87C277337DCD}.Release|Any CPU.Build.0 = Release|Any CPU
		{90776A59-AA3D-4B0B-8E80-87C277337DCD}.Release|x86.ActiveCfg = Release|Any CPU
		{90776A59-AA3D-4B0B-8E80-87C277337DCD}.Release|x86.Build.0 = Release|Any CPU
	EndGlobalSection
	GlobalSection(SolutionProperties) = preSolution
		HideSolutionNode = FALSE
	EndGlobalSection
	GlobalSection(NestedProjects) = preSolution
		{2FBFAF68-7981-409A-BB03-D99CE0C40D85} = {F28AECA2-25F1-4D40-BF81-5E181C041F1A}
		{149389EA-431F-4A4F-8F5C-9D9287538A41} = {6F925562-2817-4552-99D1-3217C42570E8}
		{6F41BBF5-1AB7-47C0-862A-D7736AE0B25F} = {70C616BD-F1E2-4E86-AC77-B0229177DF57}
		{D873C131-62EA-4CBA-94C2-A41CF40F7593} = {1E76377A-D5FF-4DA4-8783-98735464A893}
		{6F925562-2817-4552-99D1-3217C42570E8} = {1F608F7A-0534-4E9B-812A-D6F200541435}
		{70C616BD-F1E2-4E86-AC77-B0229177DF57} = {1F608F7A-0534-4E9B-812A-D6F200541435}
		{C342456D-CCED-42AA-96DC-AEA060C22A32} = {1F608F7A-0534-4E9B-812A-D6F200541435}
		{C43E00B7-9135-478B-8ABA-C7804DD439F0} = {1E76377A-D5FF-4DA4-8783-98735464A893}
		{932986DA-8DE1-4F8F-A3DC-2586844F093A} = {1E76377A-D5FF-4DA4-8783-98735464A893}
		{49EA2185-A8FB-43F8-BFC6-A9A5C447968E} = {4D9C4133-D60B-44C8-B254-38E279673100}
		{85194EEF-732B-46F9-9907-E8AD632657BB} = {1E76377A-D5FF-4DA4-8783-98735464A893}
		{7BFA2B47-E57E-462E-BAF2-A60A9AFFDDFA} = {4C68F237-0B87-4E12-BBAE-1AF327E8943D}
		{7BB0F45C-2E0A-48B5-B619-B0740BED49BC} = {BABC1370-44BE-443A-AEF7-0B74CD4937D6}
		{64A14130-8DF9-49F5-B767-9AF331002C01} = {C342456D-CCED-42AA-96DC-AEA060C22A32}
		{8AC1211B-1C8E-4E0B-AA4D-A910C647DA5A} = {1F608F7A-0534-4E9B-812A-D6F200541435}
		{6B99E00F-051D-46E0-B9AF-2777683E2DB4} = {1E76377A-D5FF-4DA4-8783-98735464A893}
		{4E229FDD-F99E-43FD-802F-E1C4C3D4B3CC} = {1E76377A-D5FF-4DA4-8783-98735464A893}
		{A4823891-0334-41F6-B3B7-6085A2AEDE76} = {C342456D-CCED-42AA-96DC-AEA060C22A32}
		{62D221AD-480D-4ABC-90E1-AC1388DC7CDD} = {8AC1211B-1C8E-4E0B-AA4D-A910C647DA5A}
		{B64C3F52-F14B-4129-A173-476A506D206F} = {C342456D-CCED-42AA-96DC-AEA060C22A32}
		{67CF6E25-0C66-4908-B502-EF0462154F03} = {8AC1211B-1C8E-4E0B-AA4D-A910C647DA5A}
		{683CF3A9-9990-4374-8527-1DAD160D4D94} = {C342456D-CCED-42AA-96DC-AEA060C22A32}
		{11B4770B-C149-4532-A8B1-12986E1BC3C7} = {8AC1211B-1C8E-4E0B-AA4D-A910C647DA5A}
		{72D2E646-DAAB-4699-935C-59873E6E1409} = {8AC1211B-1C8E-4E0B-AA4D-A910C647DA5A}
		{AAC49BC5-C1C9-4387-89FB-056CC2EF8231} = {C342456D-CCED-42AA-96DC-AEA060C22A32}
		{14F9BECD-D070-4CE2-84AF-FC4F2BF4D840} = {C342456D-CCED-42AA-96DC-AEA060C22A32}
		{6CC757AB-9482-4010-8073-98DB47B96F70} = {C342456D-CCED-42AA-96DC-AEA060C22A32}
		{F81D15BA-F042-471A-8AE8-574B373D4A8F} = {C342456D-CCED-42AA-96DC-AEA060C22A32}
		{90776A59-AA3D-4B0B-8E80-87C277337DCD} = {1E76377A-D5FF-4DA4-8783-98735464A893}
	EndGlobalSection
	GlobalSection(ExtensibilityGlobals) = postSolution
		SolutionGuid = {CE19AE81-9A97-4F38-BD3B-22CBF6CDD7DE}
	EndGlobalSection
EndGlobal
